
Microsoft Visual Studio Solution File, Format Version 12.00
# Visual Studio Version 17
VisualStudioVersion = 17.11.35312.102
MinimumVisualStudioVersion = 10.0.40219.1
Project("{F184B08F-C81C-45F6-A57F-5ABD9991F28F}") = "LoginFrancheska", "LoginFrancheska.vbproj", "{F620E143-F4C1-4A74-ADD4-9D76D0822F99}"
EndProject
Global
	GlobalSection(SolutionConfigurationPlatforms) = preSolution
		Debug|Any CPU = Debug|Any CPU
		Release|Any CPU = Release|Any CPU
	EndGlobalSection
	GlobalSection(ProjectConfigurationPlatforms) = postSolution
		{F620E143-F4C1-4A74-ADD4-9D76D0822F99}.Debug|Any CPU.ActiveCfg = Debug|Any CPU
		{F620E143-F4C1-4A74-ADD4-9D76D0822F99}.Debug|Any CPU.Build.0 = Debug|Any CPU
		{F620E143-F4C1-4A74-ADD4-9D76D0822F99}.Release|Any CPU.ActiveCfg = Release|Any CPU
		{F620E143-F4C1-4A74-ADD4-9D76D0822F99}.Release|Any CPU.Build.0 = Release|Any CPU
	EndGlobalSection
	GlobalSection(SolutionProperties) = preSolution
		HideSolutionNode = FALSE
	EndGlobalSection
	GlobalSection(ExtensibilityGlobals) = postSolution
		SolutionGuid = {A05A844D-6D60-4FE4-8E22-53A10059EC92}
	EndGlobalSection
EndGlobal
